
Microsoft Visual Studio Solution File, Format Version 12.00
# Visual Studio Version 16
VisualStudioVersion = 16.0.30804.86
MinimumVisualStudioVersion = 10.0.40219.1
Project("{FAE04EC0-301F-11D3-BF4B-00C04F79EFBC}") = "Truco_v1", "Truco_v1\Truco_v1.csproj", "{EE3E7C44-5098-43E1-8918-195E2A81CD21}"
EndProject
Global
	GlobalSection(SolutionConfigurationPlatforms) = preSolution
		Debug|Any CPU = Debug|Any CPU
		Release|Any CPU = Release|Any CPU
	EndGlobalSection
	GlobalSection(ProjectConfigurationPlatforms) = postSolution
		{EE3E7C44-5098-43E1-8918-195E2A81CD21}.Debug|Any CPU.ActiveCfg = Debug|Any CPU
		{EE3E7C44-5098-43E1-8918-195E2A81CD21}.Debug|Any CPU.Build.0 = Debug|Any CPU
		{EE3E7C44-5098-43E1-8918-195E2A81CD21}.Release|Any CPU.ActiveCfg = Release|Any CPU
		{EE3E7C44-5098-43E1-8918-195E2A81CD21}.Release|Any CPU.Build.0 = Release|Any CPU
	EndGlobalSection
	GlobalSection(SolutionProperties) = preSolution
		HideSolutionNode = FALSE
	EndGlobalSection
	GlobalSection(ExtensibilityGlobals) = postSolution
		SolutionGuid = {A761AC1D-FFFE-4847-B6F7-2794639278ED}
	EndGlobalSection
EndGlobal
